
Microsoft Visual Studio Solution File, Format Version 12.00
# Visual Studio Version 17
VisualStudioVersion = 17.11.35312.102
MinimumVisualStudioVersion = 10.0.40219.1
Project("{FAE04EC0-301F-11D3-BF4B-00C04F79EFBC}") = "Server", "Server\Server.csproj", "{8B476234-C15E-41EE-9AA0-4857DD8613C3}"
EndProject
Project("{FAE04EC0-301F-11D3-BF4B-00C04F79EFBC}") = "Client", "Client\Client.csproj", "{B6BC04CA-2C6D-4A4C-A8B7-9B97C0250D33}"
EndProject
Project("{FAE04EC0-301F-11D3-BF4B-00C04F79EFBC}") = "BaseLibrary", "BaseLibrary\BaseLibrary.csproj", "{F38B321E-57F9-4641-BBBA-3191644C0C86}"
EndProject
Project("{FAE04EC0-301F-11D3-BF4B-00C04F79EFBC}") = "ClientLibrary", "ClientLibrary\ClientLibrary.csproj", "{FF5981E9-AC65-4246-AAE3-B64FFB036E06}"
EndProject
Project("{FAE04EC0-301F-11D3-BF4B-00C04F79EFBC}") = "ServerLibrary", "ServerLibrary\ServerLibrary.csproj", "{B6668054-A2CF-45C0-858F-B09812530A39}"
EndProject
Global
	GlobalSection(SolutionConfigurationPlatforms) = preSolution
		Debug|Any CPU = Debug|Any CPU
		Release|Any CPU = Release|Any CPU
	EndGlobalSection
	GlobalSection(ProjectConfigurationPlatforms) = postSolution
		{8B476234-C15E-41EE-9AA0-4857DD8613C3}.Debug|Any CPU.ActiveCfg = Debug|Any CPU
		{8B476234-C15E-41EE-9AA0-4857DD8613C3}.Debug|Any CPU.Build.0 = Debug|Any CPU
		{8B476234-C15E-41EE-9AA0-4857DD8613C3}.Release|Any CPU.ActiveCfg = Release|Any CPU
		{8B476234-C15E-41EE-9AA0-4857DD8613C3}.Release|Any CPU.Build.0 = Release|Any CPU
		{B6BC04CA-2C6D-4A4C-A8B7-9B97C0250D33}.Debug|Any CPU.ActiveCfg = Debug|Any CPU
		{B6BC04CA-2C6D-4A4C-A8B7-9B97C0250D33}.Debug|Any CPU.Build.0 = Debug|Any CPU
		{B6BC04CA-2C6D-4A4C-A8B7-9B97C0250D33}.Release|Any CPU.ActiveCfg = Release|Any CPU
		{B6BC04CA-2C6D-4A4C-A8B7-9B97C0250D33}.Release|Any CPU.Build.0 = Release|Any CPU
		{F38B321E-57F9-4641-BBBA-3191644C0C86}.Debug|Any CPU.ActiveCfg = Debug|Any CPU
		{F38B321E-57F9-4641-BBBA-3191644C0C86}.Debug|Any CPU.Build.0 = Debug|Any CPU
		{F38B321E-57F9-4641-BBBA-3191644C0C86}.Release|Any CPU.ActiveCfg = Release|Any CPU
		{F38B321E-57F9-4641-BBBA-3191644C0C86}.Release|Any CPU.Build.0 = Release|Any CPU
		{FF5981E9-AC65-4246-AAE3-B64FFB036E06}.Debug|Any CPU.ActiveCfg = Debug|Any CPU
		{FF5981E9-AC65-4246-AAE3-B64FFB036E06}.Debug|Any CPU.Build.0 = Debug|Any CPU
		{FF5981E9-AC65-4246-AAE3-B64FFB036E06}.Release|Any CPU.ActiveCfg = Release|Any CPU
		{FF5981E9-AC65-4246-AAE3-B64FFB036E06}.Release|Any CPU.Build.0 = Release|Any CPU
		{B6668054-A2CF-45C0-858F-B09812530A39}.Debug|Any CPU.ActiveCfg = Debug|Any CPU
		{B6668054-A2CF-45C0-858F-B09812530A39}.Debug|Any CPU.Build.0 = Debug|Any CPU
		{B6668054-A2CF-45C0-858F-B09812530A39}.Release|Any CPU.ActiveCfg = Release|Any CPU
		{B6668054-A2CF-45C0-858F-B09812530A39}.Release|Any CPU.Build.0 = Release|Any CPU
	EndGlobalSection
	GlobalSection(SolutionProperties) = preSolution
		HideSolutionNode = FALSE
	EndGlobalSection
	GlobalSection(ExtensibilityGlobals) = postSolution
		SolutionGuid = {FF9B99AA-60C0-4B12-A041-23E44D159A5C}
	EndGlobalSection
EndGlobal
